// !$*UTF8*$!
{
	archiveVersion = 1;
	classes = {
	};
	objectVersion = 50;
	objects = {

/* Begin PBXBuildFile section */
		EF714BB224E2B13800EAED5B /* BaseViewController.swift in Sources */ = {isa = PBXBuildFile; fileRef = EF714BB124E2B13800EAED5B /* BaseViewController.swift */; };
		EF714BCA24E3F20300EAED5B /* AppDelegate.swift in Sources */ = {isa = PBXBuildFile; fileRef = EF714BC924E3F20300EAED5B /* AppDelegate.swift */; };
		EF714BCC24E3F20300EAED5B /* ViewController.swift in Sources */ = {isa = PBXBuildFile; fileRef = EF714BCB24E3F20300EAED5B /* ViewController.swift */; };
		EF714BCF24E3F20300EAED5B /* RagnarokMacOS.xcdatamodeld in Sources */ = {isa = PBXBuildFile; fileRef = EF714BCD24E3F20300EAED5B /* RagnarokMacOS.xcdatamodeld */; };
		EF714BD124E3F20400EAED5B /* Assets.xcassets in Resources */ = {isa = PBXBuildFile; fileRef = EF714BD024E3F20400EAED5B /* Assets.xcassets */; };
		EF714BD424E3F20400EAED5B /* Main.storyboard in Resources */ = {isa = PBXBuildFile; fileRef = EF714BD224E3F20400EAED5B /* Main.storyboard */; };
		EF714BE024E3F20400EAED5B /* RagnarokMacOSTests.swift in Sources */ = {isa = PBXBuildFile; fileRef = EF714BDF24E3F20400EAED5B /* RagnarokMacOSTests.swift */; };
		EF714BEB24E3F20500EAED5B /* RagnarokMacOSUITests.swift in Sources */ = {isa = PBXBuildFile; fileRef = EF714BEA24E3F20500EAED5B /* RagnarokMacOSUITests.swift */; };
		EFC2B6A324BA5805007DCC8F /* AppDelegate.swift in Sources */ = {isa = PBXBuildFile; fileRef = EFC2B6A224BA5805007DCC8F /* AppDelegate.swift */; };
		EFC2B6A724BA5805007DCC8F /* MainViewController.swift in Sources */ = {isa = PBXBuildFile; fileRef = EFC2B6A624BA5805007DCC8F /* MainViewController.swift */; };
		EFC2B6AA24BA5805007DCC8F /* Main.storyboard in Resources */ = {isa = PBXBuildFile; fileRef = EFC2B6A824BA5805007DCC8F /* Main.storyboard */; };
		EFC2B6AC24BA5808007DCC8F /* Assets.xcassets in Resources */ = {isa = PBXBuildFile; fileRef = EFC2B6AB24BA5808007DCC8F /* Assets.xcassets */; };
		EFC2B6AF24BA5808007DCC8F /* LaunchScreen.storyboard in Resources */ = {isa = PBXBuildFile; fileRef = EFC2B6AD24BA5808007DCC8F /* LaunchScreen.storyboard */; };
		EFC2B6BA24BA5809007DCC8F /* RagnarokTests.swift in Sources */ = {isa = PBXBuildFile; fileRef = EFC2B6B924BA5809007DCC8F /* RagnarokTests.swift */; };
		EFC2B6C524BA5809007DCC8F /* RagnarokUITests.swift in Sources */ = {isa = PBXBuildFile; fileRef = EFC2B6C424BA5809007DCC8F /* RagnarokUITests.swift */; };
/* End PBXBuildFile section */

/* Begin PBXContainerItemProxy section */
		EF714BDC24E3F20400EAED5B /* PBXContainerItemProxy */ = {
			isa = PBXContainerItemProxy;
			containerPortal = EFC2B69724BA5805007DCC8F /* Project object */;
			proxyType = 1;
			remoteGlobalIDString = EF714BC624E3F20300EAED5B;
			remoteInfo = RagnarokMacOS;
		};
		EF714BE724E3F20500EAED5B /* PBXContainerItemProxy */ = {
			isa = PBXContainerItemProxy;
			containerPortal = EFC2B69724BA5805007DCC8F /* Project object */;
			proxyType = 1;
			remoteGlobalIDString = EF714BC624E3F20300EAED5B;
			remoteInfo = RagnarokMacOS;
		};
		EFC2B6B624BA5809007DCC8F /* PBXContainerItemProxy */ = {
			isa = PBXContainerItemProxy;
			containerPortal = EFC2B69724BA5805007DCC8F /* Project object */;
			proxyType = 1;
			remoteGlobalIDString = EFC2B69E24BA5805007DCC8F;
			remoteInfo = Ragnarok;
		};
		EFC2B6C124BA5809007DCC8F /* PBXContainerItemProxy */ = {
			isa = PBXContainerItemProxy;
			containerPortal = EFC2B69724BA5805007DCC8F /* Project object */;
			proxyType = 1;
			remoteGlobalIDString = EFC2B69E24BA5805007DCC8F;
			remoteInfo = Ragnarok;
		};
/* End PBXContainerItemProxy section */

/* Begin PBXFileReference section */
		EF714BB124E2B13800EAED5B /* BaseViewController.swift */ = {isa = PBXFileReference; lastKnownFileType = sourcecode.swift; path = BaseViewController.swift; sourceTree = "<group>"; };
		EF714BC724E3F20300EAED5B /* RagnarokMacOS.app */ = {isa = PBXFileReference; explicitFileType = wrapper.application; includeInIndex = 0; path = RagnarokMacOS.app; sourceTree = BUILT_PRODUCTS_DIR; };
		EF714BC924E3F20300EAED5B /* AppDelegate.swift */ = {isa = PBXFileReference; lastKnownFileType = sourcecode.swift; path = AppDelegate.swift; sourceTree = "<group>"; };
		EF714BCB24E3F20300EAED5B /* ViewController.swift */ = {isa = PBXFileReference; lastKnownFileType = sourcecode.swift; path = ViewController.swift; sourceTree = "<group>"; };
		EF714BCE24E3F20300EAED5B /* RagnarokMacOS.xcdatamodel */ = {isa = PBXFileReference; lastKnownFileType = wrapper.xcdatamodel; path = RagnarokMacOS.xcdatamodel; sourceTree = "<group>"; };
		EF714BD024E3F20400EAED5B /* Assets.xcassets */ = {isa = PBXFileReference; lastKnownFileType = folder.assetcatalog; path = Assets.xcassets; sourceTree = "<group>"; };
		EF714BD324E3F20400EAED5B /* Base */ = {isa = PBXFileReference; lastKnownFileType = file.storyboard; name = Base; path = Base.lproj/Main.storyboard; sourceTree = "<group>"; };
		EF714BD524E3F20400EAED5B /* Info.plist */ = {isa = PBXFileReference; lastKnownFileType = text.plist.xml; path = Info.plist; sourceTree = "<group>"; };
		EF714BD624E3F20400EAED5B /* RagnarokMacOS.entitlements */ = {isa = PBXFileReference; lastKnownFileType = text.plist.entitlements; path = RagnarokMacOS.entitlements; sourceTree = "<group>"; };
		EF714BDB24E3F20400EAED5B /* RagnarokMacOSTests.xctest */ = {isa = PBXFileReference; explicitFileType = wrapper.cfbundle; includeInIndex = 0; path = RagnarokMacOSTests.xctest; sourceTree = BUILT_PRODUCTS_DIR; };
		EF714BDF24E3F20400EAED5B /* RagnarokMacOSTests.swift */ = {isa = PBXFileReference; lastKnownFileType = sourcecode.swift; path = RagnarokMacOSTests.swift; sourceTree = "<group>"; };
		EF714BE124E3F20400EAED5B /* Info.plist */ = {isa = PBXFileReference; lastKnownFileType = text.plist.xml; path = Info.plist; sourceTree = "<group>"; };
		EF714BE624E3F20400EAED5B /* RagnarokMacOSUITests.xctest */ = {isa = PBXFileReference; explicitFileType = wrapper.cfbundle; includeInIndex = 0; path = RagnarokMacOSUITests.xctest; sourceTree = BUILT_PRODUCTS_DIR; };
		EF714BEA24E3F20500EAED5B /* RagnarokMacOSUITests.swift */ = {isa = PBXFileReference; lastKnownFileType = sourcecode.swift; path = RagnarokMacOSUITests.swift; sourceTree = "<group>"; };
		EF714BEC24E3F20500EAED5B /* Info.plist */ = {isa = PBXFileReference; lastKnownFileType = text.plist.xml; path = Info.plist; sourceTree = "<group>"; };
		EFC2B69F24BA5805007DCC8F /* Ragnarok.app */ = {isa = PBXFileReference; explicitFileType = wrapper.application; includeInIndex = 0; path = Ragnarok.app; sourceTree = BUILT_PRODUCTS_DIR; };
		EFC2B6A224BA5805007DCC8F /* AppDelegate.swift */ = {isa = PBXFileReference; lastKnownFileType = sourcecode.swift; path = AppDelegate.swift; sourceTree = "<group>"; };
		EFC2B6A624BA5805007DCC8F /* MainViewController.swift */ = {isa = PBXFileReference; lastKnownFileType = sourcecode.swift; path = MainViewController.swift; sourceTree = "<group>"; };
		EFC2B6A924BA5805007DCC8F /* Base */ = {isa = PBXFileReference; lastKnownFileType = file.storyboard; name = Base; path = Base.lproj/Main.storyboard; sourceTree = "<group>"; };
		EFC2B6AB24BA5808007DCC8F /* Assets.xcassets */ = {isa = PBXFileReference; lastKnownFileType = folder.assetcatalog; path = Assets.xcassets; sourceTree = "<group>"; };
		EFC2B6AE24BA5808007DCC8F /* Base */ = {isa = PBXFileReference; lastKnownFileType = file.storyboard; name = Base; path = Base.lproj/LaunchScreen.storyboard; sourceTree = "<group>"; };
		EFC2B6B024BA5808007DCC8F /* Info.plist */ = {isa = PBXFileReference; lastKnownFileType = text.plist.xml; path = Info.plist; sourceTree = "<group>"; };
		EFC2B6B524BA5809007DCC8F /* RagnarokTests.xctest */ = {isa = PBXFileReference; explicitFileType = wrapper.cfbundle; includeInIndex = 0; path = RagnarokTests.xctest; sourceTree = BUILT_PRODUCTS_DIR; };
		EFC2B6B924BA5809007DCC8F /* RagnarokTests.swift */ = {isa = PBXFileReference; lastKnownFileType = sourcecode.swift; path = RagnarokTests.swift; sourceTree = "<group>"; };
		EFC2B6BB24BA5809007DCC8F /* Info.plist */ = {isa = PBXFileReference; lastKnownFileType = text.plist.xml; path = Info.plist; sourceTree = "<group>"; };
		EFC2B6C024BA5809007DCC8F /* RagnarokUITests.xctest */ = {isa = PBXFileReference; explicitFileType = wrapper.cfbundle; includeInIndex = 0; path = RagnarokUITests.xctest; sourceTree = BUILT_PRODUCTS_DIR; };
		EFC2B6C424BA5809007DCC8F /* RagnarokUITests.swift */ = {isa = PBXFileReference; lastKnownFileType = sourcecode.swift; path = RagnarokUITests.swift; sourceTree = "<group>"; };
		EFC2B6C624BA5809007DCC8F /* Info.plist */ = {isa = PBXFileReference; lastKnownFileType = text.plist.xml; path = Info.plist; sourceTree = "<group>"; };
/* End PBXFileReference section */

/* Begin PBXFrameworksBuildPhase section */
		EF714BC424E3F20300EAED5B /* Frameworks */ = {
			isa = PBXFrameworksBuildPhase;
			buildActionMask = 2147483647;
			files = (
			);
			runOnlyForDeploymentPostprocessing = 0;
		};
		EF714BD824E3F20400EAED5B /* Frameworks */ = {
			isa = PBXFrameworksBuildPhase;
			buildActionMask = 2147483647;
			files = (
			);
			runOnlyForDeploymentPostprocessing = 0;
		};
		EF714BE324E3F20400EAED5B /* Frameworks */ = {
			isa = PBXFrameworksBuildPhase;
			buildActionMask = 2147483647;
			files = (
			);
			runOnlyForDeploymentPostprocessing = 0;
		};
		EFC2B69C24BA5805007DCC8F /* Frameworks */ = {
			isa = PBXFrameworksBuildPhase;
			buildActionMask = 2147483647;
			files = (
			);
			runOnlyForDeploymentPostprocessing = 0;
		};
		EFC2B6B224BA5809007DCC8F /* Frameworks */ = {
			isa = PBXFrameworksBuildPhase;
			buildActionMask = 2147483647;
			files = (
			);
			runOnlyForDeploymentPostprocessing = 0;
		};
		EFC2B6BD24BA5809007DCC8F /* Frameworks */ = {
			isa = PBXFrameworksBuildPhase;
			buildActionMask = 2147483647;
			files = (
			);
			runOnlyForDeploymentPostprocessing = 0;
		};
/* End PBXFrameworksBuildPhase section */

/* Begin PBXGroup section */
		EF714BAF24E2B0E800EAED5B /* Core */ = {
			isa = PBXGroup;
			children = (
				EFC2B6A224BA5805007DCC8F /* AppDelegate.swift */,
				EF714BB124E2B13800EAED5B /* BaseViewController.swift */,
			);
			path = Core;
			sourceTree = "<group>";
		};
		EF714BB024E2B0F900EAED5B /* Views */ = {
			isa = PBXGroup;
			children = (
				EF714BB424E2B17400EAED5B /* Launchscreen */,
				EF714BB324E2B16900EAED5B /* Home */,
			);
			path = Views;
			sourceTree = "<group>";
		};
		EF714BB324E2B16900EAED5B /* Home */ = {
			isa = PBXGroup;
			children = (
				EFC2B6A824BA5805007DCC8F /* Main.storyboard */,
				EFC2B6A624BA5805007DCC8F /* MainViewController.swift */,
			);
			path = Home;
			sourceTree = "<group>";
		};
		EF714BB424E2B17400EAED5B /* Launchscreen */ = {
			isa = PBXGroup;
			children = (
				EFC2B6AD24BA5808007DCC8F /* LaunchScreen.storyboard */,
			);
			path = Launchscreen;
			sourceTree = "<group>";
		};
		EF714BC824E3F20300EAED5B /* RagnarokMacOS */ = {
			isa = PBXGroup;
			children = (
				EF714BC924E3F20300EAED5B /* AppDelegate.swift */,
				EF714BCB24E3F20300EAED5B /* ViewController.swift */,
				EF714BD024E3F20400EAED5B /* Assets.xcassets */,
				EF714BD224E3F20400EAED5B /* Main.storyboard */,
				EF714BD524E3F20400EAED5B /* Info.plist */,
				EF714BD624E3F20400EAED5B /* RagnarokMacOS.entitlements */,
				EF714BCD24E3F20300EAED5B /* RagnarokMacOS.xcdatamodeld */,
			);
			path = RagnarokMacOS;
			sourceTree = "<group>";
		};
		EF714BDE24E3F20400EAED5B /* RagnarokMacOSTests */ = {
			isa = PBXGroup;
			children = (
				EF714BDF24E3F20400EAED5B /* RagnarokMacOSTests.swift */,
				EF714BE124E3F20400EAED5B /* Info.plist */,
			);
			path = RagnarokMacOSTests;
			sourceTree = "<group>";
		};
		EF714BE924E3F20500EAED5B /* RagnarokMacOSUITests */ = {
			isa = PBXGroup;
			children = (
				EF714BEA24E3F20500EAED5B /* RagnarokMacOSUITests.swift */,
				EF714BEC24E3F20500EAED5B /* Info.plist */,
			);
			path = RagnarokMacOSUITests;
			sourceTree = "<group>";
		};
		EFC2B69624BA5805007DCC8F = {
			isa = PBXGroup;
			children = (
				EFC2B6A124BA5805007DCC8F /* Ragnarok */,
				EFC2B6B824BA5809007DCC8F /* RagnarokTests */,
				EFC2B6C324BA5809007DCC8F /* RagnarokUITests */,
				EF714BC824E3F20300EAED5B /* RagnarokMacOS */,
				EF714BDE24E3F20400EAED5B /* RagnarokMacOSTests */,
				EF714BE924E3F20500EAED5B /* RagnarokMacOSUITests */,
				EFC2B6A024BA5805007DCC8F /* Products */,
			);
			sourceTree = "<group>";
		};
		EFC2B6A024BA5805007DCC8F /* Products */ = {
			isa = PBXGroup;
			children = (
				EFC2B69F24BA5805007DCC8F /* Ragnarok.app */,
				EFC2B6B524BA5809007DCC8F /* RagnarokTests.xctest */,
				EFC2B6C024BA5809007DCC8F /* RagnarokUITests.xctest */,
				EF714BC724E3F20300EAED5B /* RagnarokMacOS.app */,
				EF714BDB24E3F20400EAED5B /* RagnarokMacOSTests.xctest */,
				EF714BE624E3F20400EAED5B /* RagnarokMacOSUITests.xctest */,
			);
			name = Products;
			sourceTree = "<group>";
		};
		EFC2B6A124BA5805007DCC8F /* Ragnarok */ = {
			isa = PBXGroup;
			children = (
				EF714BAF24E2B0E800EAED5B /* Core */,
				EF714BB024E2B0F900EAED5B /* Views */,
				EFC2B6AB24BA5808007DCC8F /* Assets.xcassets */,
				EFC2B6B024BA5808007DCC8F /* Info.plist */,
			);
			path = Ragnarok;
			sourceTree = "<group>";
		};
		EFC2B6B824BA5809007DCC8F /* RagnarokTests */ = {
			isa = PBXGroup;
			children = (
				EFC2B6B924BA5809007DCC8F /* RagnarokTests.swift */,
				EFC2B6BB24BA5809007DCC8F /* Info.plist */,
			);
			path = RagnarokTests;
			sourceTree = "<group>";
		};
		EFC2B6C324BA5809007DCC8F /* RagnarokUITests */ = {
			isa = PBXGroup;
			children = (
				EFC2B6C424BA5809007DCC8F /* RagnarokUITests.swift */,
				EFC2B6C624BA5809007DCC8F /* Info.plist */,
			);
			path = RagnarokUITests;
			sourceTree = "<group>";
		};
/* End PBXGroup section */

/* Begin PBXNativeTarget section */
		EF714BC624E3F20300EAED5B /* RagnarokMacOS */ = {
			isa = PBXNativeTarget;
			buildConfigurationList = EF714BF324E3F20500EAED5B /* Build configuration list for PBXNativeTarget "RagnarokMacOS" */;
			buildPhases = (
				EF714BC324E3F20300EAED5B /* Sources */,
				EF714BC424E3F20300EAED5B /* Frameworks */,
				EF714BC524E3F20300EAED5B /* Resources */,
			);
			buildRules = (
			);
			dependencies = (
			);
			name = RagnarokMacOS;
			productName = RagnarokMacOS;
			productReference = EF714BC724E3F20300EAED5B /* RagnarokMacOS.app */;
			productType = "com.apple.product-type.application";
		};
		EF714BDA24E3F20400EAED5B /* RagnarokMacOSTests */ = {
			isa = PBXNativeTarget;
			buildConfigurationList = EF714BF424E3F20500EAED5B /* Build configuration list for PBXNativeTarget "RagnarokMacOSTests" */;
			buildPhases = (
				EF714BD724E3F20400EAED5B /* Sources */,
				EF714BD824E3F20400EAED5B /* Frameworks */,
				EF714BD924E3F20400EAED5B /* Resources */,
			);
			buildRules = (
			);
			dependencies = (
				EF714BDD24E3F20400EAED5B /* PBXTargetDependency */,
			);
			name = RagnarokMacOSTests;
			productName = RagnarokMacOSTests;
			productReference = EF714BDB24E3F20400EAED5B /* RagnarokMacOSTests.xctest */;
			productType = "com.apple.product-type.bundle.unit-test";
		};
		EF714BE524E3F20400EAED5B /* RagnarokMacOSUITests */ = {
			isa = PBXNativeTarget;
			buildConfigurationList = EF714BF524E3F20500EAED5B /* Build configuration list for PBXNativeTarget "RagnarokMacOSUITests" */;
			buildPhases = (
				EF714BE224E3F20400EAED5B /* Sources */,
				EF714BE324E3F20400EAED5B /* Frameworks */,
				EF714BE424E3F20400EAED5B /* Resources */,
			);
			buildRules = (
			);
			dependencies = (
				EF714BE824E3F20500EAED5B /* PBXTargetDependency */,
			);
			name = RagnarokMacOSUITests;
			productName = RagnarokMacOSUITests;
			productReference = EF714BE624E3F20400EAED5B /* RagnarokMacOSUITests.xctest */;
			productType = "com.apple.product-type.bundle.ui-testing";
		};
		EFC2B69E24BA5805007DCC8F /* Ragnarok */ = {
			isa = PBXNativeTarget;
			buildConfigurationList = EFC2B6C924BA5809007DCC8F /* Build configuration list for PBXNativeTarget "Ragnarok" */;
			buildPhases = (
				EFC2B69B24BA5805007DCC8F /* Sources */,
				EFC2B69C24BA5805007DCC8F /* Frameworks */,
				EFC2B69D24BA5805007DCC8F /* Resources */,
			);
			buildRules = (
			);
			dependencies = (
			);
			name = Ragnarok;
			productName = Ragnarok;
			productReference = EFC2B69F24BA5805007DCC8F /* Ragnarok.app */;
			productType = "com.apple.product-type.application";
		};
		EFC2B6B424BA5809007DCC8F /* RagnarokTests */ = {
			isa = PBXNativeTarget;
			buildConfigurationList = EFC2B6CC24BA5809007DCC8F /* Build configuration list for PBXNativeTarget "RagnarokTests" */;
			buildPhases = (
				EFC2B6B124BA5809007DCC8F /* Sources */,
				EFC2B6B224BA5809007DCC8F /* Frameworks */,
				EFC2B6B324BA5809007DCC8F /* Resources */,
			);
			buildRules = (
			);
			dependencies = (
				EFC2B6B724BA5809007DCC8F /* PBXTargetDependency */,
			);
			name = RagnarokTests;
			productName = RagnarokTests;
			productReference = EFC2B6B524BA5809007DCC8F /* RagnarokTests.xctest */;
			productType = "com.apple.product-type.bundle.unit-test";
		};
		EFC2B6BF24BA5809007DCC8F /* RagnarokUITests */ = {
			isa = PBXNativeTarget;
			buildConfigurationList = EFC2B6CF24BA5809007DCC8F /* Build configuration list for PBXNativeTarget "RagnarokUITests" */;
			buildPhases = (
				EFC2B6BC24BA5809007DCC8F /* Sources */,
				EFC2B6BD24BA5809007DCC8F /* Frameworks */,
				EFC2B6BE24BA5809007DCC8F /* Resources */,
			);
			buildRules = (
			);
			dependencies = (
				EFC2B6C224BA5809007DCC8F /* PBXTargetDependency */,
			);
			name = RagnarokUITests;
			productName = RagnarokUITests;
			productReference = EFC2B6C024BA5809007DCC8F /* RagnarokUITests.xctest */;
			productType = "com.apple.product-type.bundle.ui-testing";
		};
/* End PBXNativeTarget section */

/* Begin PBXProject section */
		EFC2B69724BA5805007DCC8F /* Project object */ = {
			isa = PBXProject;
			attributes = {
				LastSwiftUpdateCheck = 1160;
				LastUpgradeCheck = 1150;
				ORGANIZATIONNAME = "Bezaleel Ashefor";
				TargetAttributes = {
					EF714BC624E3F20300EAED5B = {
						CreatedOnToolsVersion = 11.6;
					};
					EF714BDA24E3F20400EAED5B = {
						CreatedOnToolsVersion = 11.6;
						TestTargetID = EF714BC624E3F20300EAED5B;
					};
					EF714BE524E3F20400EAED5B = {
						CreatedOnToolsVersion = 11.6;
						TestTargetID = EF714BC624E3F20300EAED5B;
					};
					EFC2B69E24BA5805007DCC8F = {
						CreatedOnToolsVersion = 11.5;
					};
					EFC2B6B424BA5809007DCC8F = {
						CreatedOnToolsVersion = 11.5;
						TestTargetID = EFC2B69E24BA5805007DCC8F;
					};
					EFC2B6BF24BA5809007DCC8F = {
						CreatedOnToolsVersion = 11.5;
						TestTargetID = EFC2B69E24BA5805007DCC8F;
					};
				};
			};
			buildConfigurationList = EFC2B69A24BA5805007DCC8F /* Build configuration list for PBXProject "Ragnarok" */;
			compatibilityVersion = "Xcode 9.3";
			developmentRegion = en;
			hasScannedForEncodings = 0;
			knownRegions = (
				en,
				Base,
			);
			mainGroup = EFC2B69624BA5805007DCC8F;
			productRefGroup = EFC2B6A024BA5805007DCC8F /* Products */;
			projectDirPath = "";
			projectRoot = "";
			targets = (
				EFC2B69E24BA5805007DCC8F /* Ragnarok */,
				EFC2B6B424BA5809007DCC8F /* RagnarokTests */,
				EFC2B6BF24BA5809007DCC8F /* RagnarokUITests */,
				EF714BC624E3F20300EAED5B /* RagnarokMacOS */,
				EF714BDA24E3F20400EAED5B /* RagnarokMacOSTests */,
				EF714BE524E3F20400EAED5B /* RagnarokMacOSUITests */,
			);
		};
/* End PBXProject section */

/* Begin PBXResourcesBuildPhase section */
		EF714BC524E3F20300EAED5B /* Resources */ = {
			isa = PBXResourcesBuildPhase;
			buildActionMask = 2147483647;
			files = (
				EF714BD124E3F20400EAED5B /* Assets.xcassets in Resources */,
				EF714BD424E3F20400EAED5B /* Main.storyboard in Resources */,
			);
			runOnlyForDeploymentPostprocessing = 0;
		};
		EF714BD924E3F20400EAED5B /* Resources */ = {
			isa = PBXResourcesBuildPhase;
			buildActionMask = 2147483647;
			files = (
			);
			runOnlyForDeploymentPostprocessing = 0;
		};
		EF714BE424E3F20400EAED5B /* Resources */ = {
			isa = PBXResourcesBuildPhase;
			buildActionMask = 2147483647;
			files = (
			);
			runOnlyForDeploymentPostprocessing = 0;
		};
		EFC2B69D24BA5805007DCC8F /* Resources */ = {
			isa = PBXResourcesBuildPhase;
			buildActionMask = 2147483647;
			files = (
				EFC2B6AF24BA5808007DCC8F /* LaunchScreen.storyboard in Resources */,
				EFC2B6AC24BA5808007DCC8F /* Assets.xcassets in Resources */,
				EFC2B6AA24BA5805007DCC8F /* Main.storyboard in Resources */,
			);
			runOnlyForDeploymentPostprocessing = 0;
		};
		EFC2B6B324BA5809007DCC8F /* Resources */ = {
			isa = PBXResourcesBuildPhase;
			buildActionMask = 2147483647;
			files = (
			);
			runOnlyForDeploymentPostprocessing = 0;
		};
		EFC2B6BE24BA5809007DCC8F /* Resources */ = {
			isa = PBXResourcesBuildPhase;
			buildActionMask = 2147483647;
			files = (
			);
			runOnlyForDeploymentPostprocessing = 0;
		};
/* End PBXResourcesBuildPhase section */

/* Begin PBXSourcesBuildPhase section */
		EF714BC324E3F20300EAED5B /* Sources */ = {
			isa = PBXSourcesBuildPhase;
			buildActionMask = 2147483647;
			files = (
				EF714BCC24E3F20300EAED5B /* ViewController.swift in Sources */,
				EF714BCA24E3F20300EAED5B /* AppDelegate.swift in Sources */,
				EF714BCF24E3F20300EAED5B /* RagnarokMacOS.xcdatamodeld in Sources */,
			);
			runOnlyForDeploymentPostprocessing = 0;
		};
		EF714BD724E3F20400EAED5B /* Sources */ = {
			isa = PBXSourcesBuildPhase;
			buildActionMask = 2147483647;
			files = (
				EF714BE024E3F20400EAED5B /* RagnarokMacOSTests.swift in Sources */,
			);
			runOnlyForDeploymentPostprocessing = 0;
		};
		EF714BE224E3F20400EAED5B /* Sources */ = {
			isa = PBXSourcesBuildPhase;
			buildActionMask = 2147483647;
			files = (
				EF714BEB24E3F20500EAED5B /* RagnarokMacOSUITests.swift in Sources */,
			);
			runOnlyForDeploymentPostprocessing = 0;
		};
		EFC2B69B24BA5805007DCC8F /* Sources */ = {
			isa = PBXSourcesBuildPhase;
			buildActionMask = 2147483647;
			files = (
				EFC2B6A724BA5805007DCC8F /* MainViewController.swift in Sources */,
				EFC2B6A324BA5805007DCC8F /* AppDelegate.swift in Sources */,
				EF714BB224E2B13800EAED5B /* BaseViewController.swift in Sources */,
			);
			runOnlyForDeploymentPostprocessing = 0;
		};
		EFC2B6B124BA5809007DCC8F /* Sources */ = {
			isa = PBXSourcesBuildPhase;
			buildActionMask = 2147483647;
			files = (
				EFC2B6BA24BA5809007DCC8F /* RagnarokTests.swift in Sources */,
			);
			runOnlyForDeploymentPostprocessing = 0;
		};
		EFC2B6BC24BA5809007DCC8F /* Sources */ = {
			isa = PBXSourcesBuildPhase;
			buildActionMask = 2147483647;
			files = (
				EFC2B6C524BA5809007DCC8F /* RagnarokUITests.swift in Sources */,
			);
			runOnlyForDeploymentPostprocessing = 0;
		};
/* End PBXSourcesBuildPhase section */

/* Begin PBXTargetDependency section */
		EF714BDD24E3F20400EAED5B /* PBXTargetDependency */ = {
			isa = PBXTargetDependency;
			target = EF714BC624E3F20300EAED5B /* RagnarokMacOS */;
			targetProxy = EF714BDC24E3F20400EAED5B /* PBXContainerItemProxy */;
		};
		EF714BE824E3F20500EAED5B /* PBXTargetDependency */ = {
			isa = PBXTargetDependency;
			target = EF714BC624E3F20300EAED5B /* RagnarokMacOS */;
			targetProxy = EF714BE724E3F20500EAED5B /* PBXContainerItemProxy */;
		};
		EFC2B6B724BA5809007DCC8F /* PBXTargetDependency */ = {
			isa = PBXTargetDependency;
			target = EFC2B69E24BA5805007DCC8F /* Ragnarok */;
			targetProxy = EFC2B6B624BA5809007DCC8F /* PBXContainerItemProxy */;
		};
		EFC2B6C224BA5809007DCC8F /* PBXTargetDependency */ = {
			isa = PBXTargetDependency;
			target = EFC2B69E24BA5805007DCC8F /* Ragnarok */;
			targetProxy = EFC2B6C124BA5809007DCC8F /* PBXContainerItemProxy */;
		};
/* End PBXTargetDependency section */

/* Begin PBXVariantGroup section */
		EF714BD224E3F20400EAED5B /* Main.storyboard */ = {
			isa = PBXVariantGroup;
			children = (
				EF714BD324E3F20400EAED5B /* Base */,
			);
			name = Main.storyboard;
			sourceTree = "<group>";
		};
		EFC2B6A824BA5805007DCC8F /* Main.storyboard */ = {
			isa = PBXVariantGroup;
			children = (
				EFC2B6A924BA5805007DCC8F /* Base */,
			);
			name = Main.storyboard;
			sourceTree = "<group>";
		};
		EFC2B6AD24BA5808007DCC8F /* LaunchScreen.storyboard */ = {
			isa = PBXVariantGroup;
			children = (
				EFC2B6AE24BA5808007DCC8F /* Base */,
			);
			name = LaunchScreen.storyboard;
			sourceTree = "<group>";
		};
/* End PBXVariantGroup section */

/* Begin XCBuildConfiguration section */
		EF714BED24E3F20500EAED5B /* Debug */ = {
			isa = XCBuildConfiguration;
			buildSettings = {
				ASSETCATALOG_COMPILER_APPICON_NAME = AppIcon;
				CODE_SIGN_ENTITLEMENTS = RagnarokMacOS/RagnarokMacOS.entitlements;
				CODE_SIGN_STYLE = Automatic;
				COMBINE_HIDPI_IMAGES = YES;
				DEVELOPMENT_TEAM = KPGYDGPJU8;
				ENABLE_HARDENED_RUNTIME = YES;
				INFOPLIST_FILE = RagnarokMacOS/Info.plist;
				LD_RUNPATH_SEARCH_PATHS = (
					"$(inherited)",
					"@executable_path/../Frameworks",
				);
				MACOSX_DEPLOYMENT_TARGET = 10.15;
				PRODUCT_BUNDLE_IDENTIFIER = com.ephod.ragnarokosx.RagnarokMacOS;
				PRODUCT_NAME = "$(TARGET_NAME)";
				SDKROOT = macosx;
				SWIFT_VERSION = 5.0;
			};
			name = Debug;
		};
		EF714BEE24E3F20500EAED5B /* Release */ = {
			isa = XCBuildConfiguration;
			buildSettings = {
				ASSETCATALOG_COMPILER_APPICON_NAME = AppIcon;
				CODE_SIGN_ENTITLEMENTS = RagnarokMacOS/RagnarokMacOS.entitlements;
				CODE_SIGN_STYLE = Automatic;
				COMBINE_HIDPI_IMAGES = YES;
				DEVELOPMENT_TEAM = KPGYDGPJU8;
				ENABLE_HARDENED_RUNTIME = YES;
				INFOPLIST_FILE = RagnarokMacOS/Info.plist;
				LD_RUNPATH_SEARCH_PATHS = (
					"$(inherited)",
					"@executable_path/../Frameworks",
				);
				MACOSX_DEPLOYMENT_TARGET = 10.15;
				PRODUCT_BUNDLE_IDENTIFIER = com.ephod.ragnarokosx.RagnarokMacOS;
				PRODUCT_NAME = "$(TARGET_NAME)";
				SDKROOT = macosx;
				SWIFT_VERSION = 5.0;
			};
			name = Release;
		};
		EF714BEF24E3F20500EAED5B /* Debug */ = {
			isa = XCBuildConfiguration;
			buildSettings = {
				ALWAYS_EMBED_SWIFT_STANDARD_LIBRARIES = YES;
				BUNDLE_LOADER = "$(TEST_HOST)";
				CODE_SIGN_STYLE = Automatic;
				COMBINE_HIDPI_IMAGES = YES;
				DEVELOPMENT_TEAM = KPGYDGPJU8;
				INFOPLIST_FILE = RagnarokMacOSTests/Info.plist;
				LD_RUNPATH_SEARCH_PATHS = (
					"$(inherited)",
					"@executable_path/../Frameworks",
					"@loader_path/../Frameworks",
				);
				MACOSX_DEPLOYMENT_TARGET = 10.15;
				PRODUCT_BUNDLE_IDENTIFIER = com.ephod.ragnarokosx.RagnarokMacOSTests;
				PRODUCT_NAME = "$(TARGET_NAME)";
				SDKROOT = macosx;
				SWIFT_VERSION = 5.0;
				TEST_HOST = "$(BUILT_PRODUCTS_DIR)/RagnarokMacOS.app/Contents/MacOS/RagnarokMacOS";
			};
			name = Debug;
		};
		EF714BF024E3F20500EAED5B /* Release */ = {
			isa = XCBuildConfiguration;
			buildSettings = {
				ALWAYS_EMBED_SWIFT_STANDARD_LIBRARIES = YES;
				BUNDLE_LOADER = "$(TEST_HOST)";
				CODE_SIGN_STYLE = Automatic;
				COMBINE_HIDPI_IMAGES = YES;
				DEVELOPMENT_TEAM = KPGYDGPJU8;
				INFOPLIST_FILE = RagnarokMacOSTests/Info.plist;
				LD_RUNPATH_SEARCH_PATHS = (
					"$(inherited)",
					"@executable_path/../Frameworks",
					"@loader_path/../Frameworks",
				);
				MACOSX_DEPLOYMENT_TARGET = 10.15;
				PRODUCT_BUNDLE_IDENTIFIER = com.ephod.ragnarokosx.RagnarokMacOSTests;
				PRODUCT_NAME = "$(TARGET_NAME)";
				SDKROOT = macosx;
				SWIFT_VERSION = 5.0;
				TEST_HOST = "$(BUILT_PRODUCTS_DIR)/RagnarokMacOS.app/Contents/MacOS/RagnarokMacOS";
			};
			name = Release;
		};
		EF714BF124E3F20500EAED5B /* Debug */ = {
			isa = XCBuildConfiguration;
			buildSettings = {
				ALWAYS_EMBED_SWIFT_STANDARD_LIBRARIES = YES;
				CODE_SIGN_STYLE = Automatic;
				COMBINE_HIDPI_IMAGES = YES;
				DEVELOPMENT_TEAM = KPGYDGPJU8;
				INFOPLIST_FILE = RagnarokMacOSUITests/Info.plist;
				LD_RUNPATH_SEARCH_PATHS = (
					"$(inherited)",
					"@executable_path/../Frameworks",
					"@loader_path/../Frameworks",
				);
				MACOSX_DEPLOYMENT_TARGET = 10.15;
				PRODUCT_BUNDLE_IDENTIFIER = com.ephod.ragnarokosx.RagnarokMacOSUITests;
				PRODUCT_NAME = "$(TARGET_NAME)";
				SDKROOT = macosx;
				SWIFT_VERSION = 5.0;
				TEST_TARGET_NAME = RagnarokMacOS;
			};
			name = Debug;
		};
		EF714BF224E3F20500EAED5B /* Release */ = {
			isa = XCBuildConfiguration;
			buildSettings = {
				ALWAYS_EMBED_SWIFT_STANDARD_LIBRARIES = YES;
				CODE_SIGN_STYLE = Automatic;
				COMBINE_HIDPI_IMAGES = YES;
				DEVELOPMENT_TEAM = KPGYDGPJU8;
				INFOPLIST_FILE = RagnarokMacOSUITests/Info.plist;
				LD_RUNPATH_SEARCH_PATHS = (
					"$(inherited)",
					"@executable_path/../Frameworks",
					"@loader_path/../Frameworks",
				);
				MACOSX_DEPLOYMENT_TARGET = 10.15;
				PRODUCT_BUNDLE_IDENTIFIER = com.ephod.ragnarokosx.RagnarokMacOSUITests;
				PRODUCT_NAME = "$(TARGET_NAME)";
				SDKROOT = macosx;
				SWIFT_VERSION = 5.0;
				TEST_TARGET_NAME = RagnarokMacOS;
			};
			name = Release;
		};
		EFC2B6C724BA5809007DCC8F /* Debug */ = {
			isa = XCBuildConfiguration;
			buildSettings = {
				ALWAYS_SEARCH_USER_PATHS = NO;
				CLANG_ANALYZER_NONNULL = YES;
				CLANG_ANALYZER_NUMBER_OBJECT_CONVERSION = YES_AGGRESSIVE;
				CLANG_CXX_LANGUAGE_STANDARD = "gnu++14";
				CLANG_CXX_LIBRARY = "libc++";
				CLANG_ENABLE_MODULES = YES;
				CLANG_ENABLE_OBJC_ARC = YES;
				CLANG_ENABLE_OBJC_WEAK = YES;
				CLANG_WARN_BLOCK_CAPTURE_AUTORELEASING = YES;
				CLANG_WARN_BOOL_CONVERSION = YES;
				CLANG_WARN_COMMA = YES;
				CLANG_WARN_CONSTANT_CONVERSION = YES;
				CLANG_WARN_DEPRECATED_OBJC_IMPLEMENTATIONS = YES;
				CLANG_WARN_DIRECT_OBJC_ISA_USAGE = YES_ERROR;
				CLANG_WARN_DOCUMENTATION_COMMENTS = YES;
				CLANG_WARN_EMPTY_BODY = YES;
				CLANG_WARN_ENUM_CONVERSION = YES;
				CLANG_WARN_INFINITE_RECURSION = YES;
				CLANG_WARN_INT_CONVERSION = YES;
				CLANG_WARN_NON_LITERAL_NULL_CONVERSION = YES;
				CLANG_WARN_OBJC_IMPLICIT_RETAIN_SELF = YES;
				CLANG_WARN_OBJC_LITERAL_CONVERSION = YES;
				CLANG_WARN_OBJC_ROOT_CLASS = YES_ERROR;
				CLANG_WARN_RANGE_LOOP_ANALYSIS = YES;
				CLANG_WARN_STRICT_PROTOTYPES = YES;
				CLANG_WARN_SUSPICIOUS_MOVE = YES;
				CLANG_WARN_UNGUARDED_AVAILABILITY = YES_AGGRESSIVE;
				CLANG_WARN_UNREACHABLE_CODE = YES;
				CLANG_WARN__DUPLICATE_METHOD_MATCH = YES;
				COPY_PHASE_STRIP = NO;
				DEBUG_INFORMATION_FORMAT = dwarf;
				ENABLE_STRICT_OBJC_MSGSEND = YES;
				ENABLE_TESTABILITY = YES;
				GCC_C_LANGUAGE_STANDARD = gnu11;
				GCC_DYNAMIC_NO_PIC = NO;
				GCC_NO_COMMON_BLOCKS = YES;
				GCC_OPTIMIZATION_LEVEL = 0;
				GCC_PREPROCESSOR_DEFINITIONS = (
					"DEBUG=1",
					"$(inherited)",
				);
				GCC_WARN_64_TO_32_BIT_CONVERSION = YES;
				GCC_WARN_ABOUT_RETURN_TYPE = YES_ERROR;
				GCC_WARN_UNDECLARED_SELECTOR = YES;
				GCC_WARN_UNINITIALIZED_AUTOS = YES_AGGRESSIVE;
				GCC_WARN_UNUSED_FUNCTION = YES;
				GCC_WARN_UNUSED_VARIABLE = YES;
				IPHONEOS_DEPLOYMENT_TARGET = 13.5;
				MTL_ENABLE_DEBUG_INFO = INCLUDE_SOURCE;
				MTL_FAST_MATH = YES;
				ONLY_ACTIVE_ARCH = YES;
				SDKROOT = iphoneos;
				SWIFT_ACTIVE_COMPILATION_CONDITIONS = DEBUG;
				SWIFT_OPTIMIZATION_LEVEL = "-Onone";
			};
			name = Debug;
		};
		EFC2B6C824BA5809007DCC8F /* Release */ = {
			isa = XCBuildConfiguration;
			buildSettings = {
				ALWAYS_SEARCH_USER_PATHS = NO;
				CLANG_ANALYZER_NONNULL = YES;
				CLANG_ANALYZER_NUMBER_OBJECT_CONVERSION = YES_AGGRESSIVE;
				CLANG_CXX_LANGUAGE_STANDARD = "gnu++14";
				CLANG_CXX_LIBRARY = "libc++";
				CLANG_ENABLE_MODULES = YES;
				CLANG_ENABLE_OBJC_ARC = YES;
				CLANG_ENABLE_OBJC_WEAK = YES;
				CLANG_WARN_BLOCK_CAPTURE_AUTORELEASING = YES;
				CLANG_WARN_BOOL_CONVERSION = YES;
				CLANG_WARN_COMMA = YES;
				CLANG_WARN_CONSTANT_CONVERSION = YES;
				CLANG_WARN_DEPRECATED_OBJC_IMPLEMENTATIONS = YES;
				CLANG_WARN_DIRECT_OBJC_ISA_USAGE = YES_ERROR;
				CLANG_WARN_DOCUMENTATION_COMMENTS = YES;
				CLANG_WARN_EMPTY_BODY = YES;
				CLANG_WARN_ENUM_CONVERSION = YES;
				CLANG_WARN_INFINITE_RECURSION = YES;
				CLANG_WARN_INT_CONVERSION = YES;
				CLANG_WARN_NON_LITERAL_NULL_CONVERSION = YES;
				CLANG_WARN_OBJC_IMPLICIT_RETAIN_SELF = YES;
				CLANG_WARN_OBJC_LITERAL_CONVERSION = YES;
				CLANG_WARN_OBJC_ROOT_CLASS = YES_ERROR;
				CLANG_WARN_RANGE_LOOP_ANALYSIS = YES;
				CLANG_WARN_STRICT_PROTOTYPES = YES;
				CLANG_WARN_SUSPICIOUS_MOVE = YES;
				CLANG_WARN_UNGUARDED_AVAILABILITY = YES_AGGRESSIVE;
				CLANG_WARN_UNREACHABLE_CODE = YES;
				CLANG_WARN__DUPLICATE_METHOD_MATCH = YES;
				COPY_PHASE_STRIP = NO;
				DEBUG_INFORMATION_FORMAT = "dwarf-with-dsym";
				ENABLE_NS_ASSERTIONS = NO;
				ENABLE_STRICT_OBJC_MSGSEND = YES;
				GCC_C_LANGUAGE_STANDARD = gnu11;
				GCC_NO_COMMON_BLOCKS = YES;
				GCC_WARN_64_TO_32_BIT_CONVERSION = YES;
				GCC_WARN_ABOUT_RETURN_TYPE = YES_ERROR;
				GCC_WARN_UNDECLARED_SELECTOR = YES;
				GCC_WARN_UNINITIALIZED_AUTOS = YES_AGGRESSIVE;
				GCC_WARN_UNUSED_FUNCTION = YES;
				GCC_WARN_UNUSED_VARIABLE = YES;
				IPHONEOS_DEPLOYMENT_TARGET = 13.5;
				MTL_ENABLE_DEBUG_INFO = NO;
				MTL_FAST_MATH = YES;
				SDKROOT = iphoneos;
				SWIFT_COMPILATION_MODE = wholemodule;
				SWIFT_OPTIMIZATION_LEVEL = "-O";
				VALIDATE_PRODUCT = YES;
			};
			name = Release;
		};
		EFC2B6CA24BA5809007DCC8F /* Debug */ = {
			isa = XCBuildConfiguration;
			buildSettings = {
				ASSETCATALOG_COMPILER_APPICON_NAME = AppIcon;
				CODE_SIGN_STYLE = Automatic;
				DEVELOPMENT_TEAM = KPGYDGPJU8;
				INFOPLIST_FILE = Ragnarok/Info.plist;
				IPHONEOS_DEPLOYMENT_TARGET = 12.0;
				LD_RUNPATH_SEARCH_PATHS = (
					"$(inherited)",
					"@executable_path/Frameworks",
				);
				PRODUCT_BUNDLE_IDENTIFIER = com.ephod.Ragnarok;
				PRODUCT_NAME = "$(TARGET_NAME)";
				SWIFT_VERSION = 5.0;
				TARGETED_DEVICE_FAMILY = "1,2";
			};
			name = Debug;
		};
		EFC2B6CB24BA5809007DCC8F /* Release */ = {
			isa = XCBuildConfiguration;
			buildSettings = {
				ASSETCATALOG_COMPILER_APPICON_NAME = AppIcon;
				CODE_SIGN_STYLE = Automatic;
				DEVELOPMENT_TEAM = KPGYDGPJU8;
				INFOPLIST_FILE = Ragnarok/Info.plist;
				IPHONEOS_DEPLOYMENT_TARGET = 12.0;
				LD_RUNPATH_SEARCH_PATHS = (
					"$(inherited)",
					"@executable_path/Frameworks",
				);
				PRODUCT_BUNDLE_IDENTIFIER = com.ephod.Ragnarok;
				PRODUCT_NAME = "$(TARGET_NAME)";
				SWIFT_VERSION = 5.0;
				TARGETED_DEVICE_FAMILY = "1,2";
			};
			name = Release;
		};
		EFC2B6CD24BA5809007DCC8F /* Debug */ = {
			isa = XCBuildConfiguration;
			buildSettings = {
				ALWAYS_EMBED_SWIFT_STANDARD_LIBRARIES = YES;
				BUNDLE_LOADER = "$(TEST_HOST)";
				CODE_SIGN_STYLE = Automatic;
				DEVELOPMENT_TEAM = KPGYDGPJU8;
				INFOPLIST_FILE = RagnarokTests/Info.plist;
				IPHONEOS_DEPLOYMENT_TARGET = 13.5;
				LD_RUNPATH_SEARCH_PATHS = (
					"$(inherited)",
					"@executable_path/Frameworks",
					"@loader_path/Frameworks",
				);
				PRODUCT_BUNDLE_IDENTIFIER = com.ephod.RagnarokTests;
				PRODUCT_NAME = "$(TARGET_NAME)";
				SWIFT_VERSION = 5.0;
				TARGETED_DEVICE_FAMILY = "1,2";
				TEST_HOST = "$(BUILT_PRODUCTS_DIR)/Ragnarok.app/Ragnarok";
			};
			name = Debug;
		};
		EFC2B6CE24BA5809007DCC8F /* Release */ = {
			isa = XCBuildConfiguration;
			buildSettings = {
				ALWAYS_EMBED_SWIFT_STANDARD_LIBRARIES = YES;
				BUNDLE_LOADER = "$(TEST_HOST)";
				CODE_SIGN_STYLE = Automatic;
				DEVELOPMENT_TEAM = KPGYDGPJU8;
				INFOPLIST_FILE = RagnarokTests/Info.plist;
				IPHONEOS_DEPLOYMENT_TARGET = 13.5;
				LD_RUNPATH_SEARCH_PATHS = (
					"$(inherited)",
					"@executable_path/Frameworks",
					"@loader_path/Frameworks",
				);
				PRODUCT_BUNDLE_IDENTIFIER = com.ephod.RagnarokTests;
				PRODUCT_NAME = "$(TARGET_NAME)";
				SWIFT_VERSION = 5.0;
				TARGETED_DEVICE_FAMILY = "1,2";
				TEST_HOST = "$(BUILT_PRODUCTS_DIR)/Ragnarok.app/Ragnarok";
			};
			name = Release;
		};
		EFC2B6D024BA5809007DCC8F /* Debug */ = {
			isa = XCBuildConfiguration;
			buildSettings = {
				ALWAYS_EMBED_SWIFT_STANDARD_LIBRARIES = YES;
				CODE_SIGN_STYLE = Automatic;
				DEVELOPMENT_TEAM = KPGYDGPJU8;
				INFOPLIST_FILE = RagnarokUITests/Info.plist;
				LD_RUNPATH_SEARCH_PATHS = (
					"$(inherited)",
					"@executable_path/Frameworks",
					"@loader_path/Frameworks",
				);
				PRODUCT_BUNDLE_IDENTIFIER = com.ephod.RagnarokUITests;
				PRODUCT_NAME = "$(TARGET_NAME)";
				SWIFT_VERSION = 5.0;
				TARGETED_DEVICE_FAMILY = "1,2";
				TEST_TARGET_NAME = Ragnarok;
			};
			name = Debug;
		};
		EFC2B6D124BA5809007DCC8F /* Release */ = {
			isa = XCBuildConfiguration;
			buildSettings = {
				ALWAYS_EMBED_SWIFT_STANDARD_LIBRARIES = YES;
				CODE_SIGN_STYLE = Automatic;
				DEVELOPMENT_TEAM = KPGYDGPJU8;
				INFOPLIST_FILE = RagnarokUITests/Info.plist;
				LD_RUNPATH_SEARCH_PATHS = (
					"$(inherited)",
					"@executable_path/Frameworks",
					"@loader_path/Frameworks",
				);
				PRODUCT_BUNDLE_IDENTIFIER = com.ephod.RagnarokUITests;
				PRODUCT_NAME = "$(TARGET_NAME)";
				SWIFT_VERSION = 5.0;
				TARGETED_DEVICE_FAMILY = "1,2";
				TEST_TARGET_NAME = Ragnarok;
			};
			name = Release;
		};
/* End XCBuildConfiguration section */

/* Begin XCConfigurationList section */
		EF714BF324E3F20500EAED5B /* Build configuration list for PBXNativeTarget "RagnarokMacOS" */ = {
			isa = XCConfigurationList;
			buildConfigurations = (
				EF714BED24E3F20500EAED5B /* Debug */,
				EF714BEE24E3F20500EAED5B /* Release */,
			);
			defaultConfigurationIsVisible = 0;
			defaultConfigurationName = Release;
		};
		EF714BF424E3F20500EAED5B /* Build configuration list for PBXNativeTarget "RagnarokMacOSTests" */ = {
			isa = XCConfigurationList;
			buildConfigurations = (
				EF714BEF24E3F20500EAED5B /* Debug */,
				EF714BF024E3F20500EAED5B /* Release */,
			);
			defaultConfigurationIsVisible = 0;
			defaultConfigurationName = Release;
		};
		EF714BF524E3F20500EAED5B /* Build configuration list for PBXNativeTarget "RagnarokMacOSUITests" */ = {
			isa = XCConfigurationList;
			buildConfigurations = (
				EF714BF124E3F20500EAED5B /* Debug */,
				EF714BF224E3F20500EAED5B /* Release */,
			);
			defaultConfigurationIsVisible = 0;
			defaultConfigurationName = Release;
		};
		EFC2B69A24BA5805007DCC8F /* Build configuration list for PBXProject "Ragnarok" */ = {
			isa = XCConfigurationList;
			buildConfigurations = (
				EFC2B6C724BA5809007DCC8F /* Debug */,
				EFC2B6C824BA5809007DCC8F /* Release */,
			);
			defaultConfigurationIsVisible = 0;
			defaultConfigurationName = Release;
		};
		EFC2B6C924BA5809007DCC8F /* Build configuration list for PBXNativeTarget "Ragnarok" */ = {
			isa = XCConfigurationList;
			buildConfigurations = (
				EFC2B6CA24BA5809007DCC8F /* Debug */,
				EFC2B6CB24BA5809007DCC8F /* Release */,
			);
			defaultConfigurationIsVisible = 0;
			defaultConfigurationName = Release;
		};
		EFC2B6CC24BA5809007DCC8F /* Build configuration list for PBXNativeTarget "RagnarokTests" */ = {
			isa = XCConfigurationList;
			buildConfigurations = (
				EFC2B6CD24BA5809007DCC8F /* Debug */,
				EFC2B6CE24BA5809007DCC8F /* Release */,
			);
			defaultConfigurationIsVisible = 0;
			defaultConfigurationName = Release;
		};
		EFC2B6CF24BA5809007DCC8F /* Build configuration list for PBXNativeTarget "RagnarokUITests" */ = {
			isa = XCConfigurationList;
			buildConfigurations = (
				EFC2B6D024BA5809007DCC8F /* Debug */,
				EFC2B6D124BA5809007DCC8F /* Release */,
			);
			defaultConfigurationIsVisible = 0;
			defaultConfigurationName = Release;
		};
/* End XCConfigurationList section */

/* Begin XCVersionGroup section */
		EF714BCD24E3F20300EAED5B /* RagnarokMacOS.xcdatamodeld */ = {
			isa = XCVersionGroup;
			children = (
				EF714BCE24E3F20300EAED5B /* RagnarokMacOS.xcdatamodel */,
			);
			currentVersion = EF714BCE24E3F20300EAED5B /* RagnarokMacOS.xcdatamodel */;
			path = RagnarokMacOS.xcdatamodeld;
			sourceTree = "<group>";
			versionGroupType = wrapper.xcdatamodel;
		};
/* End XCVersionGroup section */
	};
	rootObject = EFC2B69724BA5805007DCC8F /* Project object */;
}
